// !$*UTF8*$!
{
	archiveVersion = 1;
	classes = {
	};
	objectVersion = 46;
	objects = {

/* Begin PBXBuildFile section */
		741C73EE1976F45E004AD6AA /* Timing.swift in Sources */ = {isa = PBXBuildFile; fileRef = 741C73ED1976F45E004AD6AA /* Timing.swift */; };
		747A454E194A3888005359A3 /* SwiftChecker.xib in Resources */ = {isa = PBXBuildFile; fileRef = 747A454D194A3888005359A3 /* SwiftChecker.xib */; };
		7481175E1978A20800D93AA5 /* ProcessInfo.swift in Sources */ = {isa = PBXBuildFile; fileRef = 7481175D1978A20800D93AA5 /* ProcessInfo.swift */; };
		74BA4469196091E600F94DE7 /* Credits.rtf in Resources */ = {isa = PBXBuildFile; fileRef = 74BA4467196090C800F94DE7 /* Credits.rtf */; };
		74C2748719411122006C9A3B /* main.swift in Sources */ = {isa = PBXBuildFile; fileRef = 74C2748619411122006C9A3B /* main.swift */; };
		74C2748B19411122006C9A3B /* AppDelegate.swift in Sources */ = {isa = PBXBuildFile; fileRef = 74C2748A19411122006C9A3B /* AppDelegate.swift */; };
		74C2749C19411122006C9A3B /* SwiftCheckerTests.swift in Sources */ = {isa = PBXBuildFile; fileRef = 74C2749B19411122006C9A3B /* SwiftCheckerTests.swift */; };
		74C274A919492CD9006C9A3B /* Future.swift in Sources */ = {isa = PBXBuildFile; fileRef = 74C274A819492CD9006C9A3B /* Future.swift */; };
/* End PBXBuildFile section */

/* Begin PBXContainerItemProxy section */
		74C2749619411122006C9A3B /* PBXContainerItemProxy */ = {
			isa = PBXContainerItemProxy;
			containerPortal = 74C2747919411122006C9A3B /* Project object */;
			proxyType = 1;
			remoteGlobalIDString = 74C2748019411122006C9A3B;
			remoteInfo = SwiftChecker;
		};
/* End PBXContainerItemProxy section */

/* Begin PBXFileReference section */
		741C73ED1976F45E004AD6AA /* Timing.swift */ = {isa = PBXFileReference; fileEncoding = 4; lastKnownFileType = sourcecode.swift; path = Timing.swift; sourceTree = "<group>"; };
		745B96C019492EB300962E61 /* SwiftChecker-Bridging-Header.h */ = {isa = PBXFileReference; lastKnownFileType = sourcecode.c.h; path = "SwiftChecker-Bridging-Header.h"; sourceTree = "<group>"; };
		747A454D194A3888005359A3 /* SwiftChecker.xib */ = {isa = PBXFileReference; fileEncoding = 4; lastKnownFileType = file.xib; path = SwiftChecker.xib; sourceTree = "<group>"; };
		7481175D1978A20800D93AA5 /* ProcessInfo.swift */ = {isa = PBXFileReference; fileEncoding = 4; lastKnownFileType = sourcecode.swift; path = ProcessInfo.swift; sourceTree = "<group>"; };
		74BA4467196090C800F94DE7 /* Credits.rtf */ = {isa = PBXFileReference; fileEncoding = 4; lastKnownFileType = text.rtf; path = Credits.rtf; sourceTree = "<group>"; };
		74C2748119411122006C9A3B /* SwiftChecker.app */ = {isa = PBXFileReference; explicitFileType = wrapper.application; includeInIndex = 0; path = SwiftChecker.app; sourceTree = BUILT_PRODUCTS_DIR; };
		74C2748519411122006C9A3B /* Info.plist */ = {isa = PBXFileReference; lastKnownFileType = text.plist.xml; path = Info.plist; sourceTree = "<group>"; };
		74C2748619411122006C9A3B /* main.swift */ = {isa = PBXFileReference; lastKnownFileType = sourcecode.swift; path = main.swift; sourceTree = "<group>"; };
		74C2748A19411122006C9A3B /* AppDelegate.swift */ = {isa = PBXFileReference; lastKnownFileType = sourcecode.swift; path = AppDelegate.swift; sourceTree = "<group>"; };
		74C2749519411122006C9A3B /* SwiftCheckerTests.xctest */ = {isa = PBXFileReference; explicitFileType = wrapper.cfbundle; includeInIndex = 0; path = SwiftCheckerTests.xctest; sourceTree = BUILT_PRODUCTS_DIR; };
		74C2749A19411122006C9A3B /* Info.plist */ = {isa = PBXFileReference; lastKnownFileType = text.plist.xml; path = Info.plist; sourceTree = "<group>"; };
		74C2749B19411122006C9A3B /* SwiftCheckerTests.swift */ = {isa = PBXFileReference; lastKnownFileType = sourcecode.swift; path = SwiftCheckerTests.swift; sourceTree = "<group>"; };
		74C274A5194115C1006C9A3B /* .gitignore */ = {isa = PBXFileReference; lastKnownFileType = text; path = .gitignore; sourceTree = SOURCE_ROOT; };
		74C274A6194115C1006C9A3B /* LICENSE */ = {isa = PBXFileReference; lastKnownFileType = text; path = LICENSE; sourceTree = SOURCE_ROOT; };
		74C274A7194115C1006C9A3B /* README.md */ = {isa = PBXFileReference; lastKnownFileType = net.daringfireball.markdown; path = README.md; sourceTree = SOURCE_ROOT; };
		74C274A819492CD9006C9A3B /* Future.swift */ = {isa = PBXFileReference; fileEncoding = 4; lastKnownFileType = sourcecode.swift; path = Future.swift; sourceTree = "<group>"; };
/* End PBXFileReference section */

/* Begin PBXFrameworksBuildPhase section */
		74C2747E19411122006C9A3B /* Frameworks */ = {
			isa = PBXFrameworksBuildPhase;
			buildActionMask = 2147483647;
			files = (
			);
			runOnlyForDeploymentPostprocessing = 0;
		};
		74C2749219411122006C9A3B /* Frameworks */ = {
			isa = PBXFrameworksBuildPhase;
			buildActionMask = 2147483647;
			files = (
			);
			runOnlyForDeploymentPostprocessing = 0;
		};
/* End PBXFrameworksBuildPhase section */

/* Begin PBXGroup section */
		74C2747819411122006C9A3B = {
			isa = PBXGroup;
			children = (
				74C2748319411122006C9A3B /* SwiftChecker */,
				74C2749819411122006C9A3B /* SwiftCheckerTests */,
				74C2748219411122006C9A3B /* Products */,
			);
			sourceTree = "<group>";
		};
		74C2748219411122006C9A3B /* Products */ = {
			isa = PBXGroup;
			children = (
				74C2748119411122006C9A3B /* SwiftChecker.app */,
				74C2749519411122006C9A3B /* SwiftCheckerTests.xctest */,
			);
			name = Products;
			sourceTree = "<group>";
		};
		74C2748319411122006C9A3B /* SwiftChecker */ = {
			isa = PBXGroup;
			children = (
				74C274A5194115C1006C9A3B /* .gitignore */,
				74BA4467196090C800F94DE7 /* Credits.rtf */,
				74C274A6194115C1006C9A3B /* LICENSE */,
				74C274A7194115C1006C9A3B /* README.md */,
				74C2748A19411122006C9A3B /* AppDelegate.swift */,
				74C274A819492CD9006C9A3B /* Future.swift */,
				7481175D1978A20800D93AA5 /* ProcessInfo.swift */,
				741C73ED1976F45E004AD6AA /* Timing.swift */,
				74C2748419411122006C9A3B /* Supporting Files */,
				745B96C019492EB300962E61 /* SwiftChecker-Bridging-Header.h */,
			);
			path = SwiftChecker;
			sourceTree = "<group>";
		};
		74C2748419411122006C9A3B /* Supporting Files */ = {
			isa = PBXGroup;
			children = (
				74C2748519411122006C9A3B /* Info.plist */,
				747A454D194A3888005359A3 /* SwiftChecker.xib */,
				74C2748619411122006C9A3B /* main.swift */,
			);
			name = "Supporting Files";
			sourceTree = "<group>";
		};
		74C2749819411122006C9A3B /* SwiftCheckerTests */ = {
			isa = PBXGroup;
			children = (
				74C2749B19411122006C9A3B /* SwiftCheckerTests.swift */,
				74C2749919411122006C9A3B /* Supporting Files */,
			);
			path = SwiftCheckerTests;
			sourceTree = "<group>";
		};
		74C2749919411122006C9A3B /* Supporting Files */ = {
			isa = PBXGroup;
			children = (
				74C2749A19411122006C9A3B /* Info.plist */,
			);
			name = "Supporting Files";
			sourceTree = "<group>";
		};
/* End PBXGroup section */

/* Begin PBXNativeTarget section */
		74C2748019411122006C9A3B /* SwiftChecker */ = {
			isa = PBXNativeTarget;
			buildConfigurationList = 74C2749F19411122006C9A3B /* Build configuration list for PBXNativeTarget "SwiftChecker" */;
			buildPhases = (
				74C2747D19411122006C9A3B /* Sources */,
				74C2747E19411122006C9A3B /* Frameworks */,
				74C2747F19411122006C9A3B /* Resources */,
			);
			buildRules = (
			);
			dependencies = (
			);
			name = SwiftChecker;
			productName = SwiftChecker;
			productReference = 74C2748119411122006C9A3B /* SwiftChecker.app */;
			productType = "com.apple.product-type.application";
		};
		74C2749419411122006C9A3B /* SwiftCheckerTests */ = {
			isa = PBXNativeTarget;
			buildConfigurationList = 74C274A219411122006C9A3B /* Build configuration list for PBXNativeTarget "SwiftCheckerTests" */;
			buildPhases = (
				74C2749119411122006C9A3B /* Sources */,
				74C2749219411122006C9A3B /* Frameworks */,
				74C2749319411122006C9A3B /* Resources */,
			);
			buildRules = (
			);
			dependencies = (
				74C2749719411122006C9A3B /* PBXTargetDependency */,
			);
			name = SwiftCheckerTests;
			productName = SwiftCheckerTests;
			productReference = 74C2749519411122006C9A3B /* SwiftCheckerTests.xctest */;
			productType = "com.apple.product-type.bundle.unit-test";
		};
/* End PBXNativeTarget section */

/* Begin PBXProject section */
		74C2747919411122006C9A3B /* Project object */ = {
			isa = PBXProject;
			attributes = {
				LastUpgradeCheck = 0600;
				ORGANIZATIONNAME = "Rainer Brockerhoff";
				TargetAttributes = {
					74C2748019411122006C9A3B = {
						CreatedOnToolsVersion = 6.0;
					};
					74C2749419411122006C9A3B = {
						CreatedOnToolsVersion = 6.0;
						TestTargetID = 74C2748019411122006C9A3B;
					};
				};
			};
			buildConfigurationList = 74C2747C19411122006C9A3B /* Build configuration list for PBXProject "SwiftChecker" */;
			compatibilityVersion = "Xcode 3.2";
			developmentRegion = English;
			hasScannedForEncodings = 0;
			knownRegions = (
				en,
				Base,
			);
			mainGroup = 74C2747819411122006C9A3B;
			productRefGroup = 74C2748219411122006C9A3B /* Products */;
			projectDirPath = "";
			projectRoot = "";
			targets = (
				74C2748019411122006C9A3B /* SwiftChecker */,
				74C2749419411122006C9A3B /* SwiftCheckerTests */,
			);
		};
/* End PBXProject section */

/* Begin PBXResourcesBuildPhase section */
		74C2747F19411122006C9A3B /* Resources */ = {
			isa = PBXResourcesBuildPhase;
			buildActionMask = 2147483647;
			files = (
				747A454E194A3888005359A3 /* SwiftChecker.xib in Resources */,
				74BA4469196091E600F94DE7 /* Credits.rtf in Resources */,
			);
			runOnlyForDeploymentPostprocessing = 0;
		};
		74C2749319411122006C9A3B /* Resources */ = {
			isa = PBXResourcesBuildPhase;
			buildActionMask = 2147483647;
			files = (
			);
			runOnlyForDeploymentPostprocessing = 0;
		};
/* End PBXResourcesBuildPhase section */

/* Begin PBXSourcesBuildPhase section */
		74C2747D19411122006C9A3B /* Sources */ = {
			isa = PBXSourcesBuildPhase;
			buildActionMask = 2147483647;
			files = (
				7481175E1978A20800D93AA5 /* ProcessInfo.swift in Sources */,
				741C73EE1976F45E004AD6AA /* Timing.swift in Sources */,
				74C2748B19411122006C9A3B /* AppDelegate.swift in Sources */,
				74C274A919492CD9006C9A3B /* Future.swift in Sources */,
				74C2748719411122006C9A3B /* main.swift in Sources */,
			);
			runOnlyForDeploymentPostprocessing = 0;
		};
		74C2749119411122006C9A3B /* Sources */ = {
			isa = PBXSourcesBuildPhase;
			buildActionMask = 2147483647;
			files = (
				74C2749C19411122006C9A3B /* SwiftCheckerTests.swift in Sources */,
			);
			runOnlyForDeploymentPostprocessing = 0;
		};
/* End PBXSourcesBuildPhase section */

/* Begin PBXTargetDependency section */
		74C2749719411122006C9A3B /* PBXTargetDependency */ = {
			isa = PBXTargetDependency;
			target = 74C2748019411122006C9A3B /* SwiftChecker */;
			targetProxy = 74C2749619411122006C9A3B /* PBXContainerItemProxy */;
		};
/* End PBXTargetDependency section */

/* Begin XCBuildConfiguration section */
		74C2749D19411122006C9A3B /* Debug */ = {
			isa = XCBuildConfiguration;
			buildSettings = {
				ALWAYS_SEARCH_USER_PATHS = NO;
				CLANG_CXX_LANGUAGE_STANDARD = "gnu++0x";
				CLANG_CXX_LIBRARY = "libc++";
				CLANG_ENABLE_MODULES = YES;
				CLANG_ENABLE_OBJC_ARC = YES;
				CLANG_WARN_BOOL_CONVERSION = YES;
				CLANG_WARN_CONSTANT_CONVERSION = YES;
				CLANG_WARN_DIRECT_OBJC_ISA_USAGE = YES_ERROR;
				CLANG_WARN_EMPTY_BODY = YES;
				CLANG_WARN_ENUM_CONVERSION = YES;
				CLANG_WARN_INT_CONVERSION = YES;
				CLANG_WARN_OBJC_ROOT_CLASS = YES_ERROR;
				CLANG_WARN_UNREACHABLE_CODE = YES;
				CLANG_WARN__DUPLICATE_METHOD_MATCH = YES;
				CODE_SIGN_IDENTITY = "-";
				COPY_PHASE_STRIP = NO;
				ENABLE_STRICT_OBJC_MSGSEND = YES;
				GCC_C_LANGUAGE_STANDARD = gnu99;
				GCC_DYNAMIC_NO_PIC = NO;
				GCC_OPTIMIZATION_LEVEL = 0;
				GCC_PREPROCESSOR_DEFINITIONS = (
					"DEBUG=1",
					"$(inherited)",
				);
				GCC_SYMBOLS_PRIVATE_EXTERN = NO;
				GCC_WARN_64_TO_32_BIT_CONVERSION = YES;
				GCC_WARN_ABOUT_RETURN_TYPE = YES_ERROR;
				GCC_WARN_UNDECLARED_SELECTOR = YES;
				GCC_WARN_UNINITIALIZED_AUTOS = YES_AGGRESSIVE;
				GCC_WARN_UNUSED_FUNCTION = YES;
				GCC_WARN_UNUSED_VARIABLE = YES;
				MACOSX_DEPLOYMENT_TARGET = 10.10;
				METAL_ENABLE_DEBUG_INFO = YES;
				ONLY_ACTIVE_ARCH = YES;
				OTHER_SWIFT_FLAGS = "-D DEBUG";
				SDKROOT = macosx;
				SWIFT_OPTIMIZATION_LEVEL = "-Onone";
			};
			name = Debug;
		};
		74C2749E19411122006C9A3B /* Release */ = {
			isa = XCBuildConfiguration;
			buildSettings = {
				ALWAYS_SEARCH_USER_PATHS = NO;
				CLANG_CXX_LANGUAGE_STANDARD = "gnu++0x";
				CLANG_CXX_LIBRARY = "libc++";
				CLANG_ENABLE_MODULES = YES;
				CLANG_ENABLE_OBJC_ARC = YES;
				CLANG_WARN_BOOL_CONVERSION = YES;
				CLANG_WARN_CONSTANT_CONVERSION = YES;
				CLANG_WARN_DIRECT_OBJC_ISA_USAGE = YES_ERROR;
				CLANG_WARN_EMPTY_BODY = YES;
				CLANG_WARN_ENUM_CONVERSION = YES;
				CLANG_WARN_INT_CONVERSION = YES;
				CLANG_WARN_OBJC_ROOT_CLASS = YES_ERROR;
				CLANG_WARN_UNREACHABLE_CODE = YES;
				CLANG_WARN__DUPLICATE_METHOD_MATCH = YES;
				CODE_SIGN_IDENTITY = "-";
				COPY_PHASE_STRIP = YES;
				DEBUG_INFORMATION_FORMAT = "dwarf-with-dsym";
				ENABLE_NS_ASSERTIONS = NO;
				ENABLE_STRICT_OBJC_MSGSEND = YES;
				GCC_C_LANGUAGE_STANDARD = gnu99;
				GCC_WARN_64_TO_32_BIT_CONVERSION = YES;
				GCC_WARN_ABOUT_RETURN_TYPE = YES_ERROR;
				GCC_WARN_UNDECLARED_SELECTOR = YES;
				GCC_WARN_UNINITIALIZED_AUTOS = YES_AGGRESSIVE;
				GCC_WARN_UNUSED_FUNCTION = YES;
				GCC_WARN_UNUSED_VARIABLE = YES;
				MACOSX_DEPLOYMENT_TARGET = 10.10;
				METAL_ENABLE_DEBUG_INFO = NO;
				SDKROOT = macosx;
			};
			name = Release;
		};
		74C274A019411122006C9A3B /* Debug */ = {
			isa = XCBuildConfiguration;
			buildSettings = {
				ASSETCATALOG_COMPILER_APPICON_NAME = AppIcon;
				CLANG_ENABLE_MODULES = YES;
				CLANG_ENABLE_OBJC_ARC = NO;
				CLANG_WARN_DOCUMENTATION_COMMENTS = YES;
				COMBINE_HIDPI_IMAGES = YES;
				GCC_TREAT_WARNINGS_AS_ERRORS = YES;
				INFOPLIST_FILE = SwiftChecker/Info.plist;
				LD_RUNPATH_SEARCH_PATHS = "$(inherited) @executable_path/../Frameworks";
				PRODUCT_NAME = "$(TARGET_NAME)";
				SDKROOT = macosx;
				SWIFT_OBJC_BRIDGING_HEADER = "SwiftChecker/SwiftChecker-Bridging-Header.h";
				SWIFT_OPTIMIZATION_LEVEL = "-Onone";
			};
			name = Debug;
		};
		74C274A119411122006C9A3B /* Release */ = {
			isa = XCBuildConfiguration;
			buildSettings = {
				ASSETCATALOG_COMPILER_APPICON_NAME = AppIcon;
				CLANG_ENABLE_MODULES = YES;
				CLANG_ENABLE_OBJC_ARC = NO;
				CLANG_WARN_DOCUMENTATION_COMMENTS = YES;
				COMBINE_HIDPI_IMAGES = YES;
				GCC_TREAT_WARNINGS_AS_ERRORS = YES;
				INFOPLIST_FILE = SwiftChecker/Info.plist;
				LD_RUNPATH_SEARCH_PATHS = "$(inherited) @executable_path/../Frameworks";
				PRODUCT_NAME = "$(TARGET_NAME)";
				SDKROOT = macosx;
				SWIFT_OBJC_BRIDGING_HEADER = "SwiftChecker/SwiftChecker-Bridging-Header.h";
			};
			name = Release;
		};
		74C274A319411122006C9A3B /* Debug */ = {
			isa = XCBuildConfiguration;
			buildSettings = {
				BUNDLE_LOADER = "$(BUILT_PRODUCTS_DIR)/SwiftChecker.app/Contents/MacOS/SwiftChecker";
				COMBINE_HIDPI_IMAGES = YES;
				FRAMEWORK_SEARCH_PATHS = (
					"$(DEVELOPER_FRAMEWORKS_DIR)",
					"$(inherited)",
				);
				GCC_PREPROCESSOR_DEFINITIONS = (
					"DEBUG=1",
					"$(inherited)",
				);
				INFOPLIST_FILE = SwiftCheckerTests/Info.plist;
				LD_RUNPATH_SEARCH_PATHS = "$(inherited) @executable_path/../Frameworks @loader_path/../Frameworks";
				METAL_ENABLE_DEBUG_INFO = YES;
				PRODUCT_NAME = "$(TARGET_NAME)";
				TEST_HOST = "$(BUNDLE_LOADER)";
			};
			name = Debug;
		};
		74C274A419411122006C9A3B /* Release */ = {
			isa = XCBuildConfiguration;
			buildSettings = {
				BUNDLE_LOADER = "$(BUILT_PRODUCTS_DIR)/SwiftChecker.app/Contents/MacOS/SwiftChecker";
				COMBINE_HIDPI_IMAGES = YES;
				FRAMEWORK_SEARCH_PATHS = (
					"$(DEVELOPER_FRAMEWORKS_DIR)",
					"$(inherited)",
				);
				INFOPLIST_FILE = SwiftCheckerTests/Info.plist;
				LD_RUNPATH_SEARCH_PATHS = "$(inherited) @executable_path/../Frameworks @loader_path/../Frameworks";
				METAL_ENABLE_DEBUG_INFO = NO;
				PRODUCT_NAME = "$(TARGET_NAME)";
				TEST_HOST = "$(BUNDLE_LOADER)";
			};
			name = Release;
		};
/* End XCBuildConfiguration section */

/* Begin XCConfigurationList section */
		74C2747C19411122006C9A3B /* Build configuration list for PBXProject "SwiftChecker" */ = {
			isa = XCConfigurationList;
			buildConfigurations = (
				74C2749D19411122006C9A3B /* Debug */,
				74C2749E19411122006C9A3B /* Release */,
			);
			defaultConfigurationIsVisible = 0;
			defaultConfigurationName = Release;
		};
		74C2749F19411122006C9A3B /* Build configuration list for PBXNativeTarget "SwiftChecker" */ = {
			isa = XCConfigurationList;
			buildConfigurations = (
				74C274A019411122006C9A3B /* Debug */,
				74C274A119411122006C9A3B /* Release */,
			);
			defaultConfigurationIsVisible = 0;
			defaultConfigurationName = Release;
		};
		74C274A219411122006C9A3B /* Build configuration list for PBXNativeTarget "SwiftCheckerTests" */ = {
			isa = XCConfigurationList;
			buildConfigurations = (
				74C274A319411122006C9A3B /* Debug */,
				74C274A419411122006C9A3B /* Release */,
			);
			defaultConfigurationIsVisible = 0;
			defaultConfigurationName = Release;
		};
/* End XCConfigurationList section */
	};
	rootObject = 74C2747919411122006C9A3B /* Project object */;
}
